// !$*UTF8*$!
{
	archiveVersion = 1;
	classes = {
	};
	objectVersion = 46;
	objects = {

/* Begin PBXBuildFile section */
		0FEA7A3D1A572E030060D60F /* libwebdriver.h in Headers */ = {isa = PBXBuildFile; fileRef = 0FEA7A3C1A572E030060D60F /* libwebdriver.h */; };
		0FEA7A3F1A572E030060D60F /* libwebdriverPriv.h in Headers */ = {isa = PBXBuildFile; fileRef = 0FEA7A3E1A572E030060D60F /* libwebdriverPriv.h */; };
		0FEA7A411A572E030060D60F /* libwebdriver.cp in Sources */ = {isa = PBXBuildFile; fileRef = 0FEA7A401A572E030060D60F /* libwebdriver.cp */; };
/* End PBXBuildFile section */

/* Begin PBXFileReference section */
		0FEA7A391A572E030060D60F /* liblibwebdriver.a */ = {isa = PBXFileReference; explicitFileType = archive.ar; includeInIndex = 0; path = liblibwebdriver.a; sourceTree = BUILT_PRODUCTS_DIR; };
		0FEA7A3C1A572E030060D60F /* libwebdriver.h */ = {isa = PBXFileReference; lastKnownFileType = sourcecode.c.h; path = libwebdriver.h; sourceTree = "<group>"; };
		0FEA7A3E1A572E030060D60F /* libwebdriverPriv.h */ = {isa = PBXFileReference; lastKnownFileType = sourcecode.c.h; path = libwebdriverPriv.h; sourceTree = "<group>"; };
		0FEA7A401A572E030060D60F /* libwebdriver.cp */ = {isa = PBXFileReference; lastKnownFileType = sourcecode.cpp.cpp; path = libwebdriver.cp; sourceTree = "<group>"; };
/* End PBXFileReference section */

/* Begin PBXFrameworksBuildPhase section */
		0FEA7A361A572E030060D60F /* Frameworks */ = {
			isa = PBXFrameworksBuildPhase;
			buildActionMask = 2147483647;
			files = (
			);
			runOnlyForDeploymentPostprocessing = 0;
		};
/* End PBXFrameworksBuildPhase section */

/* Begin PBXGroup section */
		0FEA7A301A572E030060D60F = {
			isa = PBXGroup;
			children = (
				0FEA7A3B1A572E030060D60F /* libwebdriver */,
				0FEA7A3A1A572E030060D60F /* Products */,
			);
			sourceTree = "<group>";
		};
		0FEA7A3A1A572E030060D60F /* Products */ = {
			isa = PBXGroup;
			children = (
				0FEA7A391A572E030060D60F /* liblibwebdriver.a */,
			);
			name = Products;
			sourceTree = "<group>";
		};
		0FEA7A3B1A572E030060D60F /* libwebdriver */ = {
			isa = PBXGroup;
			children = (
				0FEA7A3C1A572E030060D60F /* libwebdriver.h */,
				0FEA7A3E1A572E030060D60F /* libwebdriverPriv.h */,
				0FEA7A401A572E030060D60F /* libwebdriver.cp */,
			);
			path = libwebdriver;
			sourceTree = "<group>";
		};
/* End PBXGroup section */

/* Begin PBXHeadersBuildPhase section */
		0FEA7A371A572E030060D60F /* Headers */ = {
			isa = PBXHeadersBuildPhase;
			buildActionMask = 2147483647;
			files = (
				0FEA7A3F1A572E030060D60F /* libwebdriverPriv.h in Headers */,
				0FEA7A3D1A572E030060D60F /* libwebdriver.h in Headers */,
			);
			runOnlyForDeploymentPostprocessing = 0;
		};
/* End PBXHeadersBuildPhase section */

/* Begin PBXNativeTarget section */
		0FEA7A381A572E030060D60F /* libwebdriver */ = {
			isa = PBXNativeTarget;
			buildConfigurationList = 0FEA7A441A572E030060D60F /* Build configuration list for PBXNativeTarget "libwebdriver" */;
			buildPhases = (
				0FEA7A351A572E030060D60F /* Sources */,
				0FEA7A361A572E030060D60F /* Frameworks */,
				0FEA7A371A572E030060D60F /* Headers */,
			);
			buildRules = (
			);
			dependencies = (
			);
			name = libwebdriver;
			productName = libwebdriver;
			productReference = 0FEA7A391A572E030060D60F /* liblibwebdriver.a */;
			productType = "com.apple.product-type.library.static";
		};
/* End PBXNativeTarget section */

/* Begin PBXProject section */
		0FEA7A311A572E030060D60F /* Project object */ = {
			isa = PBXProject;
			attributes = {
				LastUpgradeCheck = 0610;
				ORGANIZATIONNAME = Ox1mason;
				TargetAttributes = {
					0FEA7A381A572E030060D60F = {
						CreatedOnToolsVersion = 6.1.1;
					};
				};
			};
			buildConfigurationList = 0FEA7A341A572E030060D60F /* Build configuration list for PBXProject "libwebdriver" */;
			compatibilityVersion = "Xcode 3.2";
			developmentRegion = English;
			hasScannedForEncodings = 0;
			knownRegions = (
				en,
			);
			mainGroup = 0FEA7A301A572E030060D60F;
			productRefGroup = 0FEA7A3A1A572E030060D60F /* Products */;
			projectDirPath = "";
			projectRoot = "";
			targets = (
				0FEA7A381A572E030060D60F /* libwebdriver */,
			);
		};
/* End PBXProject section */

/* Begin PBXSourcesBuildPhase section */
		0FEA7A351A572E030060D60F /* Sources */ = {
			isa = PBXSourcesBuildPhase;
			buildActionMask = 2147483647;
			files = (
				0FEA7A411A572E030060D60F /* libwebdriver.cp in Sources */,
			);
			runOnlyForDeploymentPostprocessing = 0;
		};
/* End PBXSourcesBuildPhase section */

/* Begin XCBuildConfiguration section */
		0FEA7A421A572E030060D60F /* Debug */ = {
			isa = XCBuildConfiguration;
			buildSettings = {
				ALWAYS_SEARCH_USER_PATHS = NO;
				CLANG_CXX_LANGUAGE_STANDARD = "gnu++0x";
				CLANG_CXX_LIBRARY = "libc++";
				CLANG_ENABLE_MODULES = YES;
				CLANG_ENABLE_OBJC_ARC = YES;
				CLANG_WARN_BOOL_CONVERSION = YES;
				CLANG_WARN_CONSTANT_CONVERSION = YES;
				CLANG_WARN_DIRECT_OBJC_ISA_USAGE = YES_ERROR;
				CLANG_WARN_EMPTY_BODY = YES;
				CLANG_WARN_ENUM_CONVERSION = YES;
				CLANG_WARN_INT_CONVERSION = YES;
				CLANG_WARN_OBJC_ROOT_CLASS = YES_ERROR;
				CLANG_WARN_UNREACHABLE_CODE = YES;
				CLANG_WARN__DUPLICATE_METHOD_MATCH = YES;
				COPY_PHASE_STRIP = NO;
				ENABLE_STRICT_OBJC_MSGSEND = YES;
				GCC_C_LANGUAGE_STANDARD = gnu99;
				GCC_DYNAMIC_NO_PIC = NO;
				GCC_OPTIMIZATION_LEVEL = 0;
				GCC_PREPROCESSOR_DEFINITIONS = (
					"DEBUG=1",
					"$(inherited)",
				);
				GCC_SYMBOLS_PRIVATE_EXTERN = NO;
				GCC_WARN_64_TO_32_BIT_CONVERSION = YES;
				GCC_WARN_ABOUT_RETURN_TYPE = YES_ERROR;
				GCC_WARN_UNDECLARED_SELECTOR = YES;
				GCC_WARN_UNINITIALIZED_AUTOS = YES_AGGRESSIVE;
				GCC_WARN_UNUSED_FUNCTION = YES;
				GCC_WARN_UNUSED_VARIABLE = YES;
				MACOSX_DEPLOYMENT_TARGET = 10.10;
				MTL_ENABLE_DEBUG_INFO = YES;
				ONLY_ACTIVE_ARCH = YES;
				SDKROOT = macosx;
			};
			name = Debug;
		};
		0FEA7A431A572E030060D60F /* Release */ = {
			isa = XCBuildConfiguration;
			buildSettings = {
				ALWAYS_SEARCH_USER_PATHS = NO;
				CLANG_CXX_LANGUAGE_STANDARD = "gnu++0x";
				CLANG_CXX_LIBRARY = "libc++";
				CLANG_ENABLE_MODULES = YES;
				CLANG_ENABLE_OBJC_ARC = YES;
				CLANG_WARN_BOOL_CONVERSION = YES;
				CLANG_WARN_CONSTANT_CONVERSION = YES;
				CLANG_WARN_DIRECT_OBJC_ISA_USAGE = YES_ERROR;
				CLANG_WARN_EMPTY_BODY = YES;
				CLANG_WARN_ENUM_CONVERSION = YES;
				CLANG_WARN_INT_CONVERSION = YES;
				CLANG_WARN_OBJC_ROOT_CLASS = YES_ERROR;
				CLANG_WARN_UNREACHABLE_CODE = YES;
				CLANG_WARN__DUPLICATE_METHOD_MATCH = YES;
				COPY_PHASE_STRIP = YES;
				DEBUG_INFORMATION_FORMAT = "dwarf-with-dsym";
				ENABLE_NS_ASSERTIONS = NO;
				ENABLE_STRICT_OBJC_MSGSEND = YES;
				GCC_C_LANGUAGE_STANDARD = gnu99;
				GCC_WARN_64_TO_32_BIT_CONVERSION = YES;
				GCC_WARN_ABOUT_RETURN_TYPE = YES_ERROR;
				GCC_WARN_UNDECLARED_SELECTOR = YES;
				GCC_WARN_UNINITIALIZED_AUTOS = YES_AGGRESSIVE;
				GCC_WARN_UNUSED_FUNCTION = YES;
				GCC_WARN_UNUSED_VARIABLE = YES;
				MACOSX_DEPLOYMENT_TARGET = 10.10;
				MTL_ENABLE_DEBUG_INFO = NO;
				SDKROOT = macosx;
			};
			name = Release;
		};
		0FEA7A451A572E030060D60F /* Debug */ = {
			isa = XCBuildConfiguration;
			buildSettings = {
				EXECUTABLE_PREFIX = lib;
				GCC_ENABLE_CPP_EXCEPTIONS = YES;
				GCC_ENABLE_CPP_RTTI = YES;
				GCC_SYMBOLS_PRIVATE_EXTERN = NO;
				PRODUCT_NAME = "$(TARGET_NAME)";
			};
			name = Debug;
		};
		0FEA7A461A572E030060D60F /* Release */ = {
			isa = XCBuildConfiguration;
			buildSettings = {
				EXECUTABLE_PREFIX = lib;
				GCC_ENABLE_CPP_EXCEPTIONS = YES;
				GCC_ENABLE_CPP_RTTI = YES;
				GCC_SYMBOLS_PRIVATE_EXTERN = NO;
				PRODUCT_NAME = "$(TARGET_NAME)";
			};
			name = Release;
		};
/* End XCBuildConfiguration section */

/* Begin XCConfigurationList section */
		0FEA7A341A572E030060D60F /* Build configuration list for PBXProject "libwebdriver" */ = {
			isa = XCConfigurationList;
			buildConfigurations = (
				0FEA7A421A572E030060D60F /* Debug */,
				0FEA7A431A572E030060D60F /* Release */,
			);
			defaultConfigurationIsVisible = 0;
			defaultConfigurationName = Release;
		};
		0FEA7A441A572E030060D60F /* Build configuration list for PBXNativeTarget "libwebdriver" */ = {
			isa = XCConfigurationList;
			buildConfigurations = (
				0FEA7A451A572E030060D60F /* Debug */,
				0FEA7A461A572E030060D60F /* Release */,
			);
			defaultConfigurationIsVisible = 0;
		};
/* End XCConfigurationList section */
	};
	rootObject = 0FEA7A311A572E030060D60F /* Project object */;
}
