// !$*UTF8*$!
{
	archiveVersion = 1;
	classes = {
	};
	objectVersion = 46;
	objects = {

/* Begin PBXBuildFile section */
		0FEA7ACC1A573EDA0060D60F /* Common.h in Headers */ = {isa = PBXBuildFile; fileRef = 0FEA7AB11A573EDA0060D60F /* Common.h */; };
		0FEA7ACD1A573EDA0060D60F /* cookie.cpp in Sources */ = {isa = PBXBuildFile; fileRef = 0FEA7AB21A573EDA0060D60F /* cookie.cpp */; };
		0FEA7ACE1A573EDA0060D60F /* Cookie.h in Headers */ = {isa = PBXBuildFile; fileRef = 0FEA7AB31A573EDA0060D60F /* Cookie.h */; };
		0FEA7AD11A573EDA0060D60F /* Element.h in Headers */ = {isa = PBXBuildFile; fileRef = 0FEA7AB61A573EDA0060D60F /* Element.h */; };
		0FEA7AD21A573EDA0060D60F /* Entity.cpp in Sources */ = {isa = PBXBuildFile; fileRef = 0FEA7AB71A573EDA0060D60F /* Entity.cpp */; };
		0FEA7AD31A573EDA0060D60F /* Entity.h in Headers */ = {isa = PBXBuildFile; fileRef = 0FEA7AB81A573EDA0060D60F /* Entity.h */; };
		0FEA7AD41A573EDA0060D60F /* Exceptions.h in Headers */ = {isa = PBXBuildFile; fileRef = 0FEA7AB91A573EDA0060D60F /* Exceptions.h */; };
		0FEA7AD51A573EDA0060D60F /* JsonValue.cpp in Sources */ = {isa = PBXBuildFile; fileRef = 0FEA7ABA1A573EDA0060D60F /* JsonValue.cpp */; };
		0FEA7AD61A573EDA0060D60F /* JsonValue.h in Headers */ = {isa = PBXBuildFile; fileRef = 0FEA7ABB1A573EDA0060D60F /* JsonValue.h */; };
		0FEA7AD71A573EDA0060D60F /* Log.cpp in Sources */ = {isa = PBXBuildFile; fileRef = 0FEA7ABC1A573EDA0060D60F /* Log.cpp */; };
		0FEA7AD81A573EDA0060D60F /* Log.h in Headers */ = {isa = PBXBuildFile; fileRef = 0FEA7ABD1A573EDA0060D60F /* Log.h */; };
		0FEA7AD91A573EDA0060D60F /* make_unique.h in Headers */ = {isa = PBXBuildFile; fileRef = 0FEA7ABE1A573EDA0060D60F /* make_unique.h */; };
		0FEA7ADA1A573EDA0060D60F /* Response.cpp in Sources */ = {isa = PBXBuildFile; fileRef = 0FEA7ABF1A573EDA0060D60F /* Response.cpp */; };
		0FEA7ADB1A573EDA0060D60F /* Response.h in Headers */ = {isa = PBXBuildFile; fileRef = 0FEA7AC01A573EDA0060D60F /* Response.h */; };
		0FEA7ADC1A573EDA0060D60F /* HttpClient.cpp in Sources */ = {isa = PBXBuildFile; fileRef = 0FEA7AC11A573EDA0060D60F /* HttpClient.cpp */; };
		0FEA7ADD1A573EDA0060D60F /* HttpClient.h in Headers */ = {isa = PBXBuildFile; fileRef = 0FEA7AC21A573EDA0060D60F /* HttpClient.h */; };
		0FEA7ADE1A573EDA0060D60F /* Routes.h in Headers */ = {isa = PBXBuildFile; fileRef = 0FEA7AC31A573EDA0060D60F /* Routes.h */; };
		0FEA7ADF1A573EDA0060D60F /* Session.cpp in Sources */ = {isa = PBXBuildFile; fileRef = 0FEA7AC41A573EDA0060D60F /* Session.cpp */; };
		0FEA7AE01A573EDA0060D60F /* Session.h in Headers */ = {isa = PBXBuildFile; fileRef = 0FEA7AC51A573EDA0060D60F /* Session.h */; };
		0FEA7AE11A573EDA0060D60F /* Status.h in Headers */ = {isa = PBXBuildFile; fileRef = 0FEA7AC61A573EDA0060D60F /* Status.h */; };
		0FEA7AE21A573EDA0060D60F /* Utils.cpp in Sources */ = {isa = PBXBuildFile; fileRef = 0FEA7AC81A573EDA0060D60F /* Utils.cpp */; };
		0FEA7AE31A573EDA0060D60F /* Utils.h in Headers */ = {isa = PBXBuildFile; fileRef = 0FEA7AC91A573EDA0060D60F /* Utils.h */; };
		0FEA7AE41A573EDA0060D60F /* Window.cpp in Sources */ = {isa = PBXBuildFile; fileRef = 0FEA7ACA1A573EDA0060D60F /* Window.cpp */; };
		0FEA7AE51A573EDA0060D60F /* Window.h in Headers */ = {isa = PBXBuildFile; fileRef = 0FEA7ACB1A573EDA0060D60F /* Window.h */; };
		0FEA7B051A574E390060D60F /* libPocoJSON.a in Frameworks */ = {isa = PBXBuildFile; fileRef = 0FEA7B011A574E390060D60F /* libPocoJSON.a */; };
		0FEA7B071A574E390060D60F /* libPocoNet.a in Frameworks */ = {isa = PBXBuildFile; fileRef = 0FEA7B031A574E390060D60F /* libPocoNet.a */; };
		0FEA7B0D1A5750C10060D60F /* libPocoFoundation.a in Frameworks */ = {isa = PBXBuildFile; fileRef = 0FEA7B091A5750540060D60F /* libPocoFoundation.a */; };
/* End PBXBuildFile section */

/* Begin PBXFileReference section */
		0FEA7A391A572E030060D60F /* libwebdriver.a */ = {isa = PBXFileReference; explicitFileType = archive.ar; includeInIndex = 0; path = libwebdriver.a; sourceTree = BUILT_PRODUCTS_DIR; };
		0FEA7AB01A573EDA0060D60F /* build.sh */ = {isa = PBXFileReference; fileEncoding = 4; lastKnownFileType = text.script.sh; path = build.sh; sourceTree = SOURCE_ROOT; };
		0FEA7AB11A573EDA0060D60F /* Common.h */ = {isa = PBXFileReference; fileEncoding = 4; lastKnownFileType = sourcecode.c.h; path = Common.h; sourceTree = SOURCE_ROOT; };
		0FEA7AB21A573EDA0060D60F /* cookie.cpp */ = {isa = PBXFileReference; fileEncoding = 4; lastKnownFileType = sourcecode.cpp.cpp; path = cookie.cpp; sourceTree = SOURCE_ROOT; };
		0FEA7AB31A573EDA0060D60F /* Cookie.h */ = {isa = PBXFileReference; fileEncoding = 4; lastKnownFileType = sourcecode.c.h; path = Cookie.h; sourceTree = SOURCE_ROOT; };
		0FEA7AB61A573EDA0060D60F /* Element.h */ = {isa = PBXFileReference; fileEncoding = 4; lastKnownFileType = sourcecode.c.h; path = Element.h; sourceTree = SOURCE_ROOT; };
		0FEA7AB71A573EDA0060D60F /* Entity.cpp */ = {isa = PBXFileReference; fileEncoding = 4; lastKnownFileType = sourcecode.cpp.cpp; path = Entity.cpp; sourceTree = SOURCE_ROOT; };
		0FEA7AB81A573EDA0060D60F /* Entity.h */ = {isa = PBXFileReference; fileEncoding = 4; lastKnownFileType = sourcecode.c.h; path = Entity.h; sourceTree = SOURCE_ROOT; };
		0FEA7AB91A573EDA0060D60F /* Exceptions.h */ = {isa = PBXFileReference; fileEncoding = 4; lastKnownFileType = sourcecode.c.h; path = Exceptions.h; sourceTree = SOURCE_ROOT; };
		0FEA7ABA1A573EDA0060D60F /* JsonValue.cpp */ = {isa = PBXFileReference; fileEncoding = 4; lastKnownFileType = sourcecode.cpp.cpp; path = JsonValue.cpp; sourceTree = SOURCE_ROOT; };
		0FEA7ABB1A573EDA0060D60F /* JsonValue.h */ = {isa = PBXFileReference; fileEncoding = 4; lastKnownFileType = sourcecode.c.h; path = JsonValue.h; sourceTree = SOURCE_ROOT; };
		0FEA7ABC1A573EDA0060D60F /* Log.cpp */ = {isa = PBXFileReference; fileEncoding = 4; lastKnownFileType = sourcecode.cpp.cpp; path = Log.cpp; sourceTree = SOURCE_ROOT; };
		0FEA7ABD1A573EDA0060D60F /* Log.h */ = {isa = PBXFileReference; fileEncoding = 4; lastKnownFileType = sourcecode.c.h; path = Log.h; sourceTree = SOURCE_ROOT; };
		0FEA7ABE1A573EDA0060D60F /* make_unique.h */ = {isa = PBXFileReference; fileEncoding = 4; lastKnownFileType = sourcecode.c.h; path = make_unique.h; sourceTree = SOURCE_ROOT; };
		0FEA7ABF1A573EDA0060D60F /* Response.cpp */ = {isa = PBXFileReference; fileEncoding = 4; lastKnownFileType = sourcecode.cpp.cpp; path = Response.cpp; sourceTree = SOURCE_ROOT; };
		0FEA7AC01A573EDA0060D60F /* Response.h */ = {isa = PBXFileReference; fileEncoding = 4; lastKnownFileType = sourcecode.c.h; path = Response.h; sourceTree = SOURCE_ROOT; };
		0FEA7AC11A573EDA0060D60F /* HttpClient.cpp */ = {isa = PBXFileReference; fileEncoding = 4; lastKnownFileType = sourcecode.cpp.cpp; lineEnding = 0; path = HttpClient.cpp; sourceTree = SOURCE_ROOT; xcLanguageSpecificationIdentifier = xcode.lang.cpp; };
		0FEA7AC21A573EDA0060D60F /* HttpClient.h */ = {isa = PBXFileReference; fileEncoding = 4; lastKnownFileType = sourcecode.c.h; lineEnding = 0; path = HttpClient.h; sourceTree = SOURCE_ROOT; xcLanguageSpecificationIdentifier = xcode.lang.objcpp; };
		0FEA7AC31A573EDA0060D60F /* Routes.h */ = {isa = PBXFileReference; fileEncoding = 4; lastKnownFileType = sourcecode.c.h; path = Routes.h; sourceTree = SOURCE_ROOT; };
		0FEA7AC41A573EDA0060D60F /* Session.cpp */ = {isa = PBXFileReference; fileEncoding = 4; lastKnownFileType = sourcecode.cpp.cpp; lineEnding = 0; path = Session.cpp; sourceTree = SOURCE_ROOT; xcLanguageSpecificationIdentifier = xcode.lang.cpp; };
		0FEA7AC51A573EDA0060D60F /* Session.h */ = {isa = PBXFileReference; fileEncoding = 4; lastKnownFileType = sourcecode.c.h; path = Session.h; sourceTree = SOURCE_ROOT; };
		0FEA7AC61A573EDA0060D60F /* Status.h */ = {isa = PBXFileReference; fileEncoding = 4; lastKnownFileType = sourcecode.c.h; path = Status.h; sourceTree = SOURCE_ROOT; };
		0FEA7AC81A573EDA0060D60F /* Utils.cpp */ = {isa = PBXFileReference; fileEncoding = 4; lastKnownFileType = sourcecode.cpp.cpp; path = Utils.cpp; sourceTree = SOURCE_ROOT; };
		0FEA7AC91A573EDA0060D60F /* Utils.h */ = {isa = PBXFileReference; fileEncoding = 4; lastKnownFileType = sourcecode.c.h; path = Utils.h; sourceTree = SOURCE_ROOT; };
		0FEA7ACA1A573EDA0060D60F /* Window.cpp */ = {isa = PBXFileReference; fileEncoding = 4; lastKnownFileType = sourcecode.cpp.cpp; lineEnding = 0; path = Window.cpp; sourceTree = SOURCE_ROOT; xcLanguageSpecificationIdentifier = xcode.lang.cpp; };
		0FEA7ACB1A573EDA0060D60F /* Window.h */ = {isa = PBXFileReference; fileEncoding = 4; lastKnownFileType = sourcecode.c.h; path = Window.h; sourceTree = SOURCE_ROOT; };
		0FEA7B011A574E390060D60F /* libPocoJSON.a */ = {isa = PBXFileReference; lastKnownFileType = archive.ar; name = libPocoJSON.a; path = ../../../../usr/local/lib/libPocoJSON.a; sourceTree = "<group>"; };
		0FEA7B031A574E390060D60F /* libPocoNet.a */ = {isa = PBXFileReference; lastKnownFileType = archive.ar; name = libPocoNet.a; path = ../../../../usr/local/lib/libPocoNet.a; sourceTree = "<group>"; };
		0FEA7B091A5750540060D60F /* libPocoFoundation.a */ = {isa = PBXFileReference; lastKnownFileType = archive.ar; name = libPocoFoundation.a; path = ../../../../usr/local/lib/libPocoFoundation.a; sourceTree = "<group>"; };
/* End PBXFileReference section */

/* Begin PBXFrameworksBuildPhase section */
		0FEA7A361A572E030060D60F /* Frameworks */ = {
			isa = PBXFrameworksBuildPhase;
			buildActionMask = 2147483647;
			files = (
				0FEA7B051A574E390060D60F /* libPocoJSON.a in Frameworks */,
				0FEA7B0D1A5750C10060D60F /* libPocoFoundation.a in Frameworks */,
				0FEA7B071A574E390060D60F /* libPocoNet.a in Frameworks */,
			);
			runOnlyForDeploymentPostprocessing = 0;
		};
/* End PBXFrameworksBuildPhase section */

/* Begin PBXGroup section */
		0FEA7A301A572E030060D60F = {
			isa = PBXGroup;
			children = (
				0FEA7B011A574E390060D60F /* libPocoJSON.a */,
				0FEA7B091A5750540060D60F /* libPocoFoundation.a */,
				0FEA7B031A574E390060D60F /* libPocoNet.a */,
				0FEA7A3B1A572E030060D60F /* libwebdriver */,
				0FEA7A3A1A572E030060D60F /* Products */,
			);
			sourceTree = "<group>";
		};
		0FEA7A3A1A572E030060D60F /* Products */ = {
			isa = PBXGroup;
			children = (
				0FEA7A391A572E030060D60F /* libwebdriver.a */,
			);
			name = Products;
			sourceTree = "<group>";
		};
		0FEA7A3B1A572E030060D60F /* libwebdriver */ = {
			isa = PBXGroup;
			children = (
				0FEA7AB01A573EDA0060D60F /* build.sh */,
				0FEA7AB11A573EDA0060D60F /* Common.h */,
				0FEA7AB21A573EDA0060D60F /* cookie.cpp */,
				0FEA7AB31A573EDA0060D60F /* Cookie.h */,
				0FEA7AB61A573EDA0060D60F /* Element.h */,
				0FEA7AB71A573EDA0060D60F /* Entity.cpp */,
				0FEA7AB81A573EDA0060D60F /* Entity.h */,
				0FEA7AB91A573EDA0060D60F /* Exceptions.h */,
				0FEA7ABA1A573EDA0060D60F /* JsonValue.cpp */,
				0FEA7ABB1A573EDA0060D60F /* JsonValue.h */,
				0FEA7ABC1A573EDA0060D60F /* Log.cpp */,
				0FEA7ABD1A573EDA0060D60F /* Log.h */,
				0FEA7ABE1A573EDA0060D60F /* make_unique.h */,
				0FEA7ABF1A573EDA0060D60F /* Response.cpp */,
				0FEA7AC01A573EDA0060D60F /* Response.h */,
				0FEA7AC11A573EDA0060D60F /* HttpClient.cpp */,
				0FEA7AC21A573EDA0060D60F /* HttpClient.h */,
				0FEA7AC31A573EDA0060D60F /* Routes.h */,
				0FEA7AC41A573EDA0060D60F /* Session.cpp */,
				0FEA7AC51A573EDA0060D60F /* Session.h */,
				0FEA7AC61A573EDA0060D60F /* Status.h */,
				0FEA7AC81A573EDA0060D60F /* Utils.cpp */,
				0FEA7AC91A573EDA0060D60F /* Utils.h */,
				0FEA7ACA1A573EDA0060D60F /* Window.cpp */,
				0FEA7ACB1A573EDA0060D60F /* Window.h */,
			);
			path = libwebdriver;
			sourceTree = "<group>";
		};
/* End PBXGroup section */

/* Begin PBXHeadersBuildPhase section */
		0FEA7A371A572E030060D60F /* Headers */ = {
			isa = PBXHeadersBuildPhase;
			buildActionMask = 2147483647;
			files = (
				0FEA7ADD1A573EDA0060D60F /* HttpClient.h in Headers */,
				0FEA7AD31A573EDA0060D60F /* Entity.h in Headers */,
				0FEA7AE11A573EDA0060D60F /* Status.h in Headers */,
				0FEA7AE31A573EDA0060D60F /* Utils.h in Headers */,
				0FEA7AD91A573EDA0060D60F /* make_unique.h in Headers */,
				0FEA7AE51A573EDA0060D60F /* Window.h in Headers */,
				0FEA7AD11A573EDA0060D60F /* Element.h in Headers */,
				0FEA7ACE1A573EDA0060D60F /* Cookie.h in Headers */,
				0FEA7AD41A573EDA0060D60F /* Exceptions.h in Headers */,
				0FEA7AD81A573EDA0060D60F /* Log.h in Headers */,
				0FEA7ADE1A573EDA0060D60F /* Routes.h in Headers */,
				0FEA7ADB1A573EDA0060D60F /* Response.h in Headers */,
				0FEA7ACC1A573EDA0060D60F /* Common.h in Headers */,
				0FEA7AD61A573EDA0060D60F /* JsonValue.h in Headers */,
				0FEA7AE01A573EDA0060D60F /* Session.h in Headers */,
			);
			runOnlyForDeploymentPostprocessing = 0;
		};
/* End PBXHeadersBuildPhase section */

/* Begin PBXNativeTarget section */
		0FEA7A381A572E030060D60F /* libwebdriver */ = {
			isa = PBXNativeTarget;
			buildConfigurationList = 0FEA7A441A572E030060D60F /* Build configuration list for PBXNativeTarget "libwebdriver" */;
			buildPhases = (
				0FEA7A351A572E030060D60F /* Sources */,
				0FEA7A361A572E030060D60F /* Frameworks */,
				0FEA7A371A572E030060D60F /* Headers */,
			);
			buildRules = (
			);
			dependencies = (
			);
			name = libwebdriver;
			productName = libwebdriver;
			productReference = 0FEA7A391A572E030060D60F /* libwebdriver.a */;
			productType = "com.apple.product-type.library.static";
		};
/* End PBXNativeTarget section */

/* Begin PBXProject section */
		0FEA7A311A572E030060D60F /* Project object */ = {
			isa = PBXProject;
			attributes = {
				LastUpgradeCheck = 0610;
				ORGANIZATIONNAME = Ox1mason;
				TargetAttributes = {
					0FEA7A381A572E030060D60F = {
						CreatedOnToolsVersion = 6.1.1;
					};
				};
			};
			buildConfigurationList = 0FEA7A341A572E030060D60F /* Build configuration list for PBXProject "libwebdriver" */;
			compatibilityVersion = "Xcode 3.2";
			developmentRegion = English;
			hasScannedForEncodings = 0;
			knownRegions = (
				en,
			);
			mainGroup = 0FEA7A301A572E030060D60F;
			productRefGroup = 0FEA7A3A1A572E030060D60F /* Products */;
			projectDirPath = "";
			projectRoot = "";
			targets = (
				0FEA7A381A572E030060D60F /* libwebdriver */,
			);
		};
/* End PBXProject section */

/* Begin PBXSourcesBuildPhase section */
		0FEA7A351A572E030060D60F /* Sources */ = {
			isa = PBXSourcesBuildPhase;
			buildActionMask = 2147483647;
			files = (
				0FEA7ADF1A573EDA0060D60F /* Session.cpp in Sources */,
				0FEA7AE41A573EDA0060D60F /* Window.cpp in Sources */,
				0FEA7ACD1A573EDA0060D60F /* cookie.cpp in Sources */,
				0FEA7AD71A573EDA0060D60F /* Log.cpp in Sources */,
				0FEA7ADC1A573EDA0060D60F /* HttpClient.cpp in Sources */,
				0FEA7AE21A573EDA0060D60F /* Utils.cpp in Sources */,
				0FEA7ADA1A573EDA0060D60F /* Response.cpp in Sources */,
				0FEA7AD51A573EDA0060D60F /* JsonValue.cpp in Sources */,
				0FEA7AD21A573EDA0060D60F /* Entity.cpp in Sources */,
			);
			runOnlyForDeploymentPostprocessing = 0;
		};
/* End PBXSourcesBuildPhase section */

/* Begin XCBuildConfiguration section */
		0FEA7A421A572E030060D60F /* Debug */ = {
			isa = XCBuildConfiguration;
			buildSettings = {
				ALWAYS_SEARCH_USER_PATHS = NO;
				CLANG_CXX_LANGUAGE_STANDARD = "gnu++0x";
				CLANG_CXX_LIBRARY = "libc++";
				CLANG_ENABLE_MODULES = YES;
				CLANG_ENABLE_OBJC_ARC = YES;
				CLANG_WARN_BOOL_CONVERSION = YES;
				CLANG_WARN_CONSTANT_CONVERSION = YES;
				CLANG_WARN_DIRECT_OBJC_ISA_USAGE = YES_ERROR;
				CLANG_WARN_EMPTY_BODY = YES;
				CLANG_WARN_ENUM_CONVERSION = YES;
				CLANG_WARN_INT_CONVERSION = YES;
				CLANG_WARN_OBJC_ROOT_CLASS = YES_ERROR;
				CLANG_WARN_UNREACHABLE_CODE = YES;
				CLANG_WARN__DUPLICATE_METHOD_MATCH = YES;
				COPY_PHASE_STRIP = NO;
				ENABLE_STRICT_OBJC_MSGSEND = YES;
				GCC_C_LANGUAGE_STANDARD = gnu99;
				GCC_DYNAMIC_NO_PIC = NO;
				GCC_OPTIMIZATION_LEVEL = 0;
				GCC_PREPROCESSOR_DEFINITIONS = (
					"DEBUG=1",
					"$(inherited)",
				);
				GCC_SYMBOLS_PRIVATE_EXTERN = NO;
				GCC_WARN_64_TO_32_BIT_CONVERSION = YES;
				GCC_WARN_ABOUT_RETURN_TYPE = YES_ERROR;
				GCC_WARN_UNDECLARED_SELECTOR = YES;
				GCC_WARN_UNINITIALIZED_AUTOS = YES_AGGRESSIVE;
				GCC_WARN_UNUSED_FUNCTION = YES;
				GCC_WARN_UNUSED_VARIABLE = YES;
				MACOSX_DEPLOYMENT_TARGET = 10.10;
				MTL_ENABLE_DEBUG_INFO = YES;
				ONLY_ACTIVE_ARCH = YES;
				SDKROOT = macosx;
			};
			name = Debug;
		};
		0FEA7A431A572E030060D60F /* Release */ = {
			isa = XCBuildConfiguration;
			buildSettings = {
				ALWAYS_SEARCH_USER_PATHS = NO;
				CLANG_CXX_LANGUAGE_STANDARD = "gnu++0x";
				CLANG_CXX_LIBRARY = "libc++";
				CLANG_ENABLE_MODULES = YES;
				CLANG_ENABLE_OBJC_ARC = YES;
				CLANG_WARN_BOOL_CONVERSION = YES;
				CLANG_WARN_CONSTANT_CONVERSION = YES;
				CLANG_WARN_DIRECT_OBJC_ISA_USAGE = YES_ERROR;
				CLANG_WARN_EMPTY_BODY = YES;
				CLANG_WARN_ENUM_CONVERSION = YES;
				CLANG_WARN_INT_CONVERSION = YES;
				CLANG_WARN_OBJC_ROOT_CLASS = YES_ERROR;
				CLANG_WARN_UNREACHABLE_CODE = YES;
				CLANG_WARN__DUPLICATE_METHOD_MATCH = YES;
				COPY_PHASE_STRIP = YES;
				DEBUG_INFORMATION_FORMAT = "dwarf-with-dsym";
				ENABLE_NS_ASSERTIONS = NO;
				ENABLE_STRICT_OBJC_MSGSEND = YES;
				GCC_C_LANGUAGE_STANDARD = gnu99;
				GCC_WARN_64_TO_32_BIT_CONVERSION = YES;
				GCC_WARN_ABOUT_RETURN_TYPE = YES_ERROR;
				GCC_WARN_UNDECLARED_SELECTOR = YES;
				GCC_WARN_UNINITIALIZED_AUTOS = YES_AGGRESSIVE;
				GCC_WARN_UNUSED_FUNCTION = YES;
				GCC_WARN_UNUSED_VARIABLE = YES;
				MACOSX_DEPLOYMENT_TARGET = 10.10;
				MTL_ENABLE_DEBUG_INFO = NO;
				SDKROOT = macosx;
			};
			name = Release;
		};
		0FEA7A451A572E030060D60F /* Debug */ = {
			isa = XCBuildConfiguration;
			buildSettings = {
				EXECUTABLE_PREFIX = "";
				GCC_ENABLE_CPP_EXCEPTIONS = YES;
				GCC_ENABLE_CPP_RTTI = YES;
				GCC_SYMBOLS_PRIVATE_EXTERN = NO;
				"LIBRARY_SEARCH_PATHS[arch=*]" = /usr/local/lib;
				PRODUCT_NAME = "$(TARGET_NAME)";
				"USER_HEADER_SEARCH_PATHS[arch=*]" = /usr/local/include;
			};
			name = Debug;
		};
		0FEA7A461A572E030060D60F /* Release */ = {
			isa = XCBuildConfiguration;
			buildSettings = {
				EXECUTABLE_PREFIX = "";
				GCC_ENABLE_CPP_EXCEPTIONS = YES;
				GCC_ENABLE_CPP_RTTI = YES;
				GCC_SYMBOLS_PRIVATE_EXTERN = NO;
				"LIBRARY_SEARCH_PATHS[arch=*]" = /usr/local/lib;
				PRODUCT_NAME = "$(TARGET_NAME)";
				"USER_HEADER_SEARCH_PATHS[arch=*]" = /usr/local/include;
			};
			name = Release;
		};
/* End XCBuildConfiguration section */

/* Begin XCConfigurationList section */
		0FEA7A341A572E030060D60F /* Build configuration list for PBXProject "libwebdriver" */ = {
			isa = XCConfigurationList;
			buildConfigurations = (
				0FEA7A421A572E030060D60F /* Debug */,
				0FEA7A431A572E030060D60F /* Release */,
			);
			defaultConfigurationIsVisible = 0;
			defaultConfigurationName = Release;
		};
		0FEA7A441A572E030060D60F /* Build configuration list for PBXNativeTarget "libwebdriver" */ = {
			isa = XCConfigurationList;
			buildConfigurations = (
				0FEA7A451A572E030060D60F /* Debug */,
				0FEA7A461A572E030060D60F /* Release */,
			);
			defaultConfigurationIsVisible = 0;
			defaultConfigurationName = Release;
		};
/* End XCConfigurationList section */
	};
	rootObject = 0FEA7A311A572E030060D60F /* Project object */;
}
